
Microsoft Visual Studio Solution File, Format Version 12.00
# Visual Studio Version 17
VisualStudioVersion = 17.14.36327.8 d17.14
MinimumVisualStudioVersion = 10.0.40219.1
Project("{FAE04EC0-301F-11D3-BF4B-00C04F79EFBC}") = "WinFormsApp1", "WinFormsApp1\WinFormsApp1.csproj", "{E796DBB9-D19C-4597-8F65-7E547FE19AFF}"
EndProject
Global
	GlobalSection(SolutionConfigurationPlatforms) = preSolution
		Debug|Any CPU = Debug|Any CPU
		Release|Any CPU = Release|Any CPU
	EndGlobalSection
	GlobalSection(ProjectConfigurationPlatforms) = postSolution
		{E796DBB9-D19C-4597-8F65-7E547FE19AFF}.Debug|Any CPU.ActiveCfg = Debug|Any CPU
		{E796DBB9-D19C-4597-8F65-7E547FE19AFF}.Debug|Any CPU.Build.0 = Debug|Any CPU
		{E796DBB9-D19C-4597-8F65-7E547FE19AFF}.Release|Any CPU.ActiveCfg = Release|Any CPU
		{E796DBB9-D19C-4597-8F65-7E547FE19AFF}.Release|Any CPU.Build.0 = Release|Any CPU
	EndGlobalSection
	GlobalSection(SolutionProperties) = preSolution
		HideSolutionNode = FALSE
	EndGlobalSection
	GlobalSection(ExtensibilityGlobals) = postSolution
		SolutionGuid = {BAFB2B28-B958-4885-B80D-70DC7003A96D}
	EndGlobalSection
EndGlobal
