
Microsoft Visual Studio Solution File, Format Version 12.00
# Visual Studio Version 17
VisualStudioVersion = 17.14.36327.8 d17.14
MinimumVisualStudioVersion = 10.0.40219.1
Project("{FAE04EC0-301F-11D3-BF4B-00C04F79EFBC}") = "MTC Store", "MTC Store\MTC Store.csproj", "{153F393C-11DA-45D7-9380-FE3249A5E53E}"
EndProject
Global
	GlobalSection(SolutionConfigurationPlatforms) = preSolution
		Debug|Any CPU = Debug|Any CPU
		Release|Any CPU = Release|Any CPU
	EndGlobalSection
	GlobalSection(ProjectConfigurationPlatforms) = postSolution
		{153F393C-11DA-45D7-9380-FE3249A5E53E}.Debug|Any CPU.ActiveCfg = Debug|Any CPU
		{153F393C-11DA-45D7-9380-FE3249A5E53E}.Debug|Any CPU.Build.0 = Debug|Any CPU
		{153F393C-11DA-45D7-9380-FE3249A5E53E}.Release|Any CPU.ActiveCfg = Release|Any CPU
		{153F393C-11DA-45D7-9380-FE3249A5E53E}.Release|Any CPU.Build.0 = Release|Any CPU
	EndGlobalSection
	GlobalSection(SolutionProperties) = preSolution
		HideSolutionNode = FALSE
	EndGlobalSection
	GlobalSection(ExtensibilityGlobals) = postSolution
		SolutionGuid = {5B742763-3D38-4C09-9F2D-922AC8504E07}
	EndGlobalSection
EndGlobal
